
Microsoft Visual Studio Solution File, Format Version 12.00
# Visual Studio Version 17
VisualStudioVersion = 17.14.36908.2
MinimumVisualStudioVersion = 10.0.40219.1
Project("{FAE04EC0-301F-11D3-BF4B-00C04F79EFBC}") = "SV22T1020570.Admin", "SV22T1020570.Admin\SV22T1020570.Admin.csproj", "{F9ED8DC6-CF99-4219-9E28-A59F385E1FD2}"
EndProject
Project("{FAE04EC0-301F-11D3-BF4B-00C04F79EFBC}") = "SV22T1020570.Models", "SV22T1020570.Models\SV22T1020570.Models.csproj", "{77D97B39-2AD1-4167-950D-72C1F82AAD45}"
EndProject
Project("{FAE04EC0-301F-11D3-BF4B-00C04F79EFBC}") = "SV22T1020570.DataLayers", "SV22T1020570.DataLayers\SV22T1020570.DataLayers.csproj", "{783ACABE-FBBF-4484-8393-5F8FA01639E2}"
EndProject
Project("{FAE04EC0-301F-11D3-BF4B-00C04F79EFBC}") = "SV22T1020570.BusinessLayers", "SV22T1020570.BusinessLayers\SV22T1020570.BusinessLayers.csproj", "{D35ED0EC-CBF5-4C99-8128-84B9B72FA93A}"
EndProject
Project("{2150E333-8FDC-42A3-9474-1A3956D46DE8}") = "Libraries", "Libraries", "{02EA681E-C7D8-13C7-8484-4AC65E1B71E8}"
EndProject
Project("{2150E333-8FDC-42A3-9474-1A3956D46DE8}") = "Applications", "Applications", "{29509210-8CF4-4401-BC12-167AECCA7FC3}"
EndProject
Project("{2150E333-8FDC-42A3-9474-1A3956D46DE8}") = "Notes", "Notes", "{DDBE1F44-4B90-4CBE-987A-1F2C5B1ABB77}"
EndProject
Project("{FAE04EC0-301F-11D3-BF4B-00C04F79EFBC}") = "SV22T1020570.Shop", "SV22T1020570.Shop\SV22T1020570.Shop.csproj", "{26531CCA-8BD5-437B-97FF-70C565E01A89}"
EndProject
Global
	GlobalSection(SolutionConfigurationPlatforms) = preSolution
		Debug|Any CPU = Debug|Any CPU
		Release|Any CPU = Release|Any CPU
	EndGlobalSection
	GlobalSection(ProjectConfigurationPlatforms) = postSolution
		{F9ED8DC6-CF99-4219-9E28-A59F385E1FD2}.Debug|Any CPU.ActiveCfg = Debug|Any CPU
		{F9ED8DC6-CF99-4219-9E28-A59F385E1FD2}.Debug|Any CPU.Build.0 = Debug|Any CPU
		{F9ED8DC6-CF99-4219-9E28-A59F385E1FD2}.Release|Any CPU.ActiveCfg = Release|Any CPU
		{F9ED8DC6-CF99-4219-9E28-A59F385E1FD2}.Release|Any CPU.Build.0 = Release|Any CPU
		{77D97B39-2AD1-4167-950D-72C1F82AAD45}.Debug|Any CPU.ActiveCfg = Debug|Any CPU
		{77D97B39-2AD1-4167-950D-72C1F82AAD45}.Debug|Any CPU.Build.0 = Debug|Any CPU
		{77D97B39-2AD1-4167-950D-72C1F82AAD45}.Release|Any CPU.ActiveCfg = Release|Any CPU
		{77D97B39-2AD1-4167-950D-72C1F82AAD45}.Release|Any CPU.Build.0 = Release|Any CPU
		{783ACABE-FBBF-4484-8393-5F8FA01639E2}.Debug|Any CPU.ActiveCfg = Debug|Any CPU
		{783ACABE-FBBF-4484-8393-5F8FA01639E2}.Debug|Any CPU.Build.0 = Debug|Any CPU
		{783ACABE-FBBF-4484-8393-5F8FA01639E2}.Release|Any CPU.ActiveCfg = Release|Any CPU
		{783ACABE-FBBF-4484-8393-5F8FA01639E2}.Release|Any CPU.Build.0 = Release|Any CPU
		{D35ED0EC-CBF5-4C99-8128-84B9B72FA93A}.Debug|Any CPU.ActiveCfg = Debug|Any CPU
		{D35ED0EC-CBF5-4C99-8128-84B9B72FA93A}.Debug|Any CPU.Build.0 = Debug|Any CPU
		{D35ED0EC-CBF5-4C99-8128-84B9B72FA93A}.Release|Any CPU.ActiveCfg = Release|Any CPU
		{D35ED0EC-CBF5-4C99-8128-84B9B72FA93A}.Release|Any CPU.Build.0 = Release|Any CPU
		{26531CCA-8BD5-437B-97FF-70C565E01A89}.Debug|Any CPU.ActiveCfg = Debug|Any CPU
		{26531CCA-8BD5-437B-97FF-70C565E01A89}.Debug|Any CPU.Build.0 = Debug|Any CPU
		{26531CCA-8BD5-437B-97FF-70C565E01A89}.Release|Any CPU.ActiveCfg = Release|Any CPU
		{26531CCA-8BD5-437B-97FF-70C565E01A89}.Release|Any CPU.Build.0 = Release|Any CPU
	EndGlobalSection
	GlobalSection(SolutionProperties) = preSolution
		HideSolutionNode = FALSE
	EndGlobalSection
	GlobalSection(NestedProjects) = preSolution
		{F9ED8DC6-CF99-4219-9E28-A59F385E1FD2} = {29509210-8CF4-4401-BC12-167AECCA7FC3}
		{77D97B39-2AD1-4167-950D-72C1F82AAD45} = {02EA681E-C7D8-13C7-8484-4AC65E1B71E8}
		{783ACABE-FBBF-4484-8393-5F8FA01639E2} = {02EA681E-C7D8-13C7-8484-4AC65E1B71E8}
		{D35ED0EC-CBF5-4C99-8128-84B9B72FA93A} = {02EA681E-C7D8-13C7-8484-4AC65E1B71E8}
		{26531CCA-8BD5-437B-97FF-70C565E01A89} = {29509210-8CF4-4401-BC12-167AECCA7FC3}
	EndGlobalSection
	GlobalSection(ExtensibilityGlobals) = postSolution
		SolutionGuid = {786487EB-1702-403F-BFA2-06246ACBD0B3}
	EndGlobalSection
EndGlobal
